
Microsoft Visual Studio Solution File, Format Version 12.00
Project("{FAE04EC0-301F-11D3-BF4B-00C04F79EFBC}") = "BunnyOwO", "BunnyOwO\BunnyOwO.csproj", "{4B69E68E-1DDE-4905-8E70-35AF3AF5AAAB}"
EndProject
Global
	GlobalSection(SolutionConfigurationPlatforms) = preSolution
		Debug|Any CPU = Debug|Any CPU
		Release|Any CPU = Release|Any CPU
	EndGlobalSection
	GlobalSection(ProjectConfigurationPlatforms) = postSolution
		{4B69E68E-1DDE-4905-8E70-35AF3AF5AAAB}.Debug|Any CPU.ActiveCfg = Debug|Any CPU
		{4B69E68E-1DDE-4905-8E70-35AF3AF5AAAB}.Debug|Any CPU.Build.0 = Debug|Any CPU
		{4B69E68E-1DDE-4905-8E70-35AF3AF5AAAB}.Release|Any CPU.ActiveCfg = Release|Any CPU
		{4B69E68E-1DDE-4905-8E70-35AF3AF5AAAB}.Release|Any CPU.Build.0 = Release|Any CPU
	EndGlobalSection
EndGlobal
